
Microsoft Visual Studio Solution File, Format Version 12.00
# Visual Studio Version 17
VisualStudioVersion = 17.8.34525.116
MinimumVisualStudioVersion = 10.0.40219.1
Project("{9A19103F-16F7-4668-BE54-9A1E7A4F7556}") = "EM.API", "EM.API\EM.API.csproj", "{2D260489-EC7E-42A7-9573-E3654523A8C8}"
EndProject
Project("{9A19103F-16F7-4668-BE54-9A1E7A4F7556}") = "EMAPI.Tests", "EMAPI.Tests\EMAPI.Tests.csproj", "{91153AD5-D1F8-42ED-9E65-5A4ADEDF86A1}"
EndProject
Global
	GlobalSection(SolutionConfigurationPlatforms) = preSolution
		Debug|Any CPU = Debug|Any CPU
		Release|Any CPU = Release|Any CPU
	EndGlobalSection
	GlobalSection(ProjectConfigurationPlatforms) = postSolution
		{2D260489-EC7E-42A7-9573-E3654523A8C8}.Debug|Any CPU.ActiveCfg = Debug|Any CPU
		{2D260489-EC7E-42A7-9573-E3654523A8C8}.Debug|Any CPU.Build.0 = Debug|Any CPU
		{2D260489-EC7E-42A7-9573-E3654523A8C8}.Release|Any CPU.ActiveCfg = Release|Any CPU
		{2D260489-EC7E-42A7-9573-E3654523A8C8}.Release|Any CPU.Build.0 = Release|Any CPU
		{91153AD5-D1F8-42ED-9E65-5A4ADEDF86A1}.Debug|Any CPU.ActiveCfg = Debug|Any CPU
		{91153AD5-D1F8-42ED-9E65-5A4ADEDF86A1}.Debug|Any CPU.Build.0 = Debug|Any CPU
		{91153AD5-D1F8-42ED-9E65-5A4ADEDF86A1}.Release|Any CPU.ActiveCfg = Release|Any CPU
		{91153AD5-D1F8-42ED-9E65-5A4ADEDF86A1}.Release|Any CPU.Build.0 = Release|Any CPU
	EndGlobalSection
	GlobalSection(SolutionProperties) = preSolution
		HideSolutionNode = FALSE
	EndGlobalSection
	GlobalSection(ExtensibilityGlobals) = postSolution
		SolutionGuid = {41E5D0D2-6591-4B08-9892-AE0025B13A67}
	EndGlobalSection
EndGlobal
